{
  "version": 4,
  "terraform_version": "1.0.1",
  "serial": 21,
  "lineage": "8a008b68-0eb0-8520-0598-d524ad08eee9",
  "outputs": {
    "tls_private_key": {
      "value": "-----BEGIN RSA PRIVATE KEY-----\nMIIJJwIBAAKCAgEAvlw/xUkd3fB+fS5DP9UEtvSlodlRGHq+RqD9hHwnwSTp+gF4\nN1w/UU4gg5whxcl3zEUh1vT5EQycPGfO90R0m2cC8EXMNcX4j9VG4TcrV74c3Mbr\nDxZ2FyWFQHmRgVz+erVrPVPi2m4az4RPLSwvoB3GtQfQ6jShiybRCmqcpcFYX5rE\nIpsg/4BElAilh5/To9iNSWopV8qgEXMu2I1QYdlcSG5QMJAsZ9Kfu6hu2nbThnm+\nYcLrQXmXK9s0vPVEX0T/ldShxGdNjNt48o6lEHGJvpnOn5MmpbQzeVAMFTvuJm40\n0gpR8EcEu1IJYqjxi1UMTT3UJBJbzSNglcbkVD5mM5Y2rt3roTI9sdJqKgYtd5K3\nl3PhSQA7jeB3Zp2dOP/DXanZBkVfHc0qSno3Dkblnnp4ifF8l1mE5iOZPp7MO0lh\n7MO7kYduuRWqhRoG8ZCcXWurukM8v22fY8lw4gEnYQb6c+mrbXqNiN+IbzbH1T7Q\nY9m0FO289WkqNaTVivGMYBMMJA7TDMTkbE2SLIfEFIvIj6o+T3uZHJUkD6quBvf9\nbdokx9TGun8iRRnaegbCq8LtNdS/B1SMlB5VVS2YSIBoB247W2gDrd4uIhEYilHF\n8lnZXSzdpsAydZSxJ2U8ktqJcaKbJzQr427JLt6C/LAtQS6ZnlKQhMR49CUCAwEA\nAQKCAgAehNWogIdsTKFK2n7nnfRKjMB9SUUKIquc0TSz59/LxGpKra+jWIPCOj9W\nOlLjzeAJ/M9nEhFYXWgy+wWgePYk8Af1k4sg1+N4092wP9MQFyezcaS/338BSP+r\nDZJ5Zfpam/lcdLV7BYoA2RqEiH/+MKfp4B3rXpLDp25+OAdzP6M2eK6XSb2pmNvl\ny9kV/FbG/vHv4jhMney5v3i0OTu45Es6RY1Pq92iq472XBOhrMlO1vfh3okvDxpg\nap1y6fOTPpGnaNaikVlKiulCIgJut3U4/Jm21bWtfU1/VokJYnlU6fhH8GWgmxI0\nIfvlOGa5SuJVA+OeAN987P4QJTn3zLZwIfXxgKi7qQEKWhDUWysZ0Y6zq1gdBD49\nKyQb0vRsFRpgFg02YvEiYWpuqVcp0xPF4eIyss04Etk0dueeRTYo+4cvO6zn47dM\nxzC9gpnjKT/j4ExC7y6WRfcb57lJ9y0ZJLEeWxBJtzBWZbeTgUJJevl/lAQqWcHC\nsUKeRr/R4rtU/cWWrzph9eEXu0Yt+wAxnFbpRhibPMrbRWnAA4hBfLBElvTBRfCi\nRk7/Bio8SJrYxTzicM3KYF2Kp1RD4oGDugoHupgROJakYDtM/xZkmwZJNQlI8/WC\nAN/tj03PQ8GdzeH68/Li5trEnKYniPf4u2WsYqWX6c4z1LifBQKCAQEA64axg8lC\nXw18rgYL93/l22gqOfK4yfJXc9dqA+9AO2i6hyUQr2Rw2W9OTCdB5iCjoNYGZGkY\nH96pdXw1ZrkQim1L6pDngmBGWIHvZ/vSydFhyD0J91qnhOx3+cDl76OWtCWxQTc4\ngt4NsYssm44HogAJ4MssCdYr2bms2Ek2Jv2J6T56G9jzJad5D1G44/vrFOQGC+Y+\nmSiUMlJOinF8Cg1CU0KcTYBimUbaOMt6o4/gtlvvfsHr2QXBk8BlLCh9dR3mYlCf\nUo14K6Ef7gfaM+dq+sVt3FNhy6kF3ZPX2vAIB4UqN8kdNAiS/W1YxG0G1kB/ZgHM\n/Wr7j+ZFMariDwKCAQEAzuh0JmeW4CA8f2zBF6CmdFEO9QHZYCNRolZpqDbMCahf\nJlPcpYmAlga62ohIP72/2KCjYBpMDbPJlfAyO8oZ7yGOPGKUxFBEXtJEV8KDKMcG\nVooIxZ5NvnJzowFozcLTK+S1jVPcG1Q8+xPQzPUJ+dmvODsyXblzsN6/89c9MsxR\nX7H4jamLL8DOZcDCdf2hALKstgJ8zRw6lQYwJuMTj0YVDGIZkOXI5Do2TtXxMrKH\nHhXDKNDhIAu+HGkwaTkeBLSb+GF7JWfeM2XR96ln8WF4MBHiSV7zL+3NGQ1Rmscg\nct4vBoFy0QKJ1z4g1uFH2X3TJFiIrM8pRKwb4YpqiwKCAQBNq0Fm4DvO9Lek+8F+\ngOLgE9249l4R2qUUQnlnisJ31PWOE58I9+pvCdGcM2X76c+L/ohlHHMkL11arPc/\nRNA7lgdu9xIhYHZSQacdd2Hvw+inC9n5hB+yKfj2l7I78IqGJdfqVbeBEJEbd3Xi\nZlgGCFU5mEaRh9s2FZD2Uk5VVU7haAUEoeqtBClb7+s046KGZRvJWMhT4Zndbl8Q\nMJRjDDRPGKxKsofRXBgimpd60Lud53t3JaQNEWTgwJWclk2pDY8n5MZlhtmWKbBJ\n4rUGYM5anDi6a5TYgIi6pUKNpJJBSJy/gMbsndc7U4/uVrXmeaaJkRZ0i48hySIQ\nWvXpAoIBAD63VSWi9qee/dd+BpV725icTVVUpygt7Huxh7s2SOiQga7jcpk2saRI\nC/Fbp9KyWGl4X60sq2rn2S26re9TlkLWv/9rvj43OlInmBGl4w3ELhajJn+IOXaF\nyKlbLwJXkJzYaXOaPLiH8ygD3KGTkN+L7UG1J9Ii+X9eNX7a+jDgn7XLA1UlVAw4\nfBd5szgClf/ZKOLOpDej29n6EzRmVjJygsTLI4a5MAiF4JpK3R6J4MzsucgwcFy/\nUnPYKpVqe7/fYvuJyMMQ1dhsf5V7YwdWjRC9CwNEZaBci3ORhu/Mdfh7gnONX1kd\nVNzKdzfK93VkX1DACUWgUZkANj9KLnsCggEASniMLxul3p5YPnqhbLZd5TCOnkWZ\nLpb6/FqIXhTK1kwXbvVXviovtaaMfimycQYifFBduKgNqA7xz64bwu/BLQJTOthV\nALEEQp1+wIg5/vLeCosA6xSZdyru/Q5FjiL6VZmnrbh4J7iGpM1WyqPrb6m0pt4J\n9k19dNSN+fw4kl133HrH3lOG/sXqVvBOFEKgL8rSTX1O+AcmkMid3wtIAjIL/Du1\ndVBZ/FlAvzSAKgGFvcA9Bhw54DpL2wIjQnNDaeh/5FvcJLq7qMj9dub3CwW4NvYj\n4i0oznW/ZSU34gjmo3N/rCuN7AXdnJaRNswx3OVv8pYw8/k2MZPl8kBqwg==\n-----END RSA PRIVATE KEY-----\n",
      "type": "string",
      "sensitive": true
    }
  },
  "resources": [
    {
      "mode": "managed",
      "type": "azurerm_linux_virtual_machine",
      "name": "vm-01-terraform",
      "provider": "provider[\"registry.terraform.io/hashicorp/azurerm\"]",
      "instances": [
        {
          "schema_version": 0,
          "attributes": {
            "additional_capabilities": [],
            "admin_password": null,
            "admin_ssh_key": [
              {
                "public_key": "ssh-rsa AAAAB3NzaC1yc2EAAAADAQABAAACAQDLJc+cbXi1jBzn3pIjbAyjaG19xZfnYfbB9r82Oo7IMX9Qi4MhxngioR2hSgCmdIY6wMyDMIvQS6LwcQ/z+nTr7dCu5nZQWB8d3zIJRzuXEbSi3WVoAUkNudr9kkZUAaKK7jrqbTBbdjlxr9S/xwTpXRuKQkICo0gU+6/VpXgPs+EJHYBJBo4yVI/HJnFg0433JRHySIMkVGaZ63Jy1rxkeR8xVInrUX7ww5FLg3bxGhbD+XKGDwsdpuWqf6P5I8jVFizpgcxtvm5/S+p1luhN/1x5AKiwAXV63Oge4wHkxgSDB4ETlvIQ8F9Aj7JItQYTbWBmInf6jVq6Q164/6BXfaT1AcEfM8cYKp0xd29SjzV3PxdrsRqIEyp6OMWAoIdCMty74PFdam1EjMdMKXbBe56m2ZEYea7gMY00ez2BVZGqoLgRM11iartwhJE6PbYKGrdfl6yESORRbhMBWOFYPuyQcbeYhS9SBZMZkQ3+LokI9NtIgBtzMTAYXiqCnp0XyxLkqIWk5EXK1IZQ57we7hvhEvWsYL8nsYAuUqwgfLUMckmpSZa3Lq4QLTKRhDNVPvXwRWm/WMx6EwWIJuXveWJWIMUSBc/BH7hcPh9LDQhzzwuGo6k6Sad883VwuNw7R92zZXeZwDoDFsmnOMqXJvI+HSpxOY0Wd8iFW+BRhw== etradmin",
                "username": "azureuser"
              }
            ],
            "admin_username": "azureuser",
            "allow_extension_operations": true,
            "availability_set_id": "",
            "boot_diagnostics": [
              {
                "storage_account_uri": "https://diag025898cc31d47490.blob.core.windows.net/"
              }
            ],
            "computer_name": "vm-01-terraform",
            "custom_data": null,
            "dedicated_host_id": "",
            "disable_password_authentication": true,
            "encryption_at_host_enabled": false,
            "eviction_policy": "",
            "extensions_time_budget": "PT1H30M",
            "id": "/subscriptions/08349e70-0006-411b-b4cb-3f127779a240/resourceGroups/rg-terraform/providers/Microsoft.Compute/virtualMachines/vm-01-terraform",
            "identity": [],
            "location": "westeurope",
            "max_bid_price": -1,
            "name": "vm-01-terraform",
            "network_interface_ids": [
              "/subscriptions/08349e70-0006-411b-b4cb-3f127779a240/resourceGroups/rg-terraform/providers/Microsoft.Network/networkInterfaces/nic-01-terraform"
            ],
            "os_disk": [
              {
                "caching": "ReadWrite",
                "diff_disk_settings": [],
                "disk_encryption_set_id": "",
                "disk_size_gb": 30,
                "name": "os-disk-01-terraform",
                "storage_account_type": "Premium_LRS",
                "write_accelerator_enabled": false
              }
            ],
            "plan": [],
            "priority": "Regular",
            "private_ip_address": "10.0.1.4",
            "private_ip_addresses": [
              "10.0.1.4"
            ],
            "provision_vm_agent": true,
            "proximity_placement_group_id": "",
            "public_ip_address": "20.101.105.31",
            "public_ip_addresses": [
              "20.101.105.31"
            ],
            "resource_group_name": "rg-terraform",
            "secret": [],
            "size": "Standard_DS1_v2",
            "source_image_id": "",
            "source_image_reference": [
              {
                "offer": "UbuntuServer",
                "publisher": "Canonical",
                "sku": "18.04-LTS",
                "version": "latest"
              }
            ],
            "tags": {
              "environment": "Terraform Demo"
            },
            "timeouts": null,
            "virtual_machine_id": "8d6028bc-4962-4784-a454-4aaf0add1e98",
            "virtual_machine_scale_set_id": "",
            "zone": ""
          },
          "sensitive_attributes": [],
          "private": "eyJlMmJmYjczMC1lY2FhLTExZTYtOGY4OC0zNDM2M2JjN2M0YzAiOnsiY3JlYXRlIjoyNzAwMDAwMDAwMDAwLCJkZWxldGUiOjI3MDAwMDAwMDAwMDAsInJlYWQiOjMwMDAwMDAwMDAwMCwidXBkYXRlIjoyNzAwMDAwMDAwMDAwfX0=",
          "dependencies": [
            "azurerm_network_interface.nic-01-terraform",
            "azurerm_public_ip.pip-01-terraform",
            "azurerm_resource_group.rg-terraform",
            "azurerm_storage_account.storage-account-01-terraform",
            "azurerm_subnet.subnet-01-terraform",
            "azurerm_virtual_network.vnet-terraform",
            "random_id.randomId"
          ]
        }
      ]
    },
    {
      "mode": "managed",
      "type": "azurerm_network_interface",
      "name": "nic-01-terraform",
      "provider": "provider[\"registry.terraform.io/hashicorp/azurerm\"]",
      "instances": [
        {
          "schema_version": 0,
          "attributes": {
            "applied_dns_servers": [],
            "dns_servers": [],
            "enable_accelerated_networking": false,
            "enable_ip_forwarding": false,
            "id": "/subscriptions/08349e70-0006-411b-b4cb-3f127779a240/resourceGroups/rg-terraform/providers/Microsoft.Network/networkInterfaces/nic-01-terraform",
            "internal_dns_name_label": "",
            "internal_domain_name_suffix": "1qbfjxvi1deuvd23kpjis3ri0g.ax.internal.cloudapp.net",
            "ip_configuration": [
              {
                "name": "nic-01-config-terraform",
                "primary": true,
                "private_ip_address": "10.0.1.4",
                "private_ip_address_allocation": "Dynamic",
                "private_ip_address_version": "IPv4",
                "public_ip_address_id": "/subscriptions/08349e70-0006-411b-b4cb-3f127779a240/resourceGroups/rg-terraform/providers/Microsoft.Network/publicIPAddresses/pip-01-terraform",
                "subnet_id": "/subscriptions/08349e70-0006-411b-b4cb-3f127779a240/resourceGroups/rg-terraform/providers/Microsoft.Network/virtualNetworks/vnet-01-terraform/subnets/subnet-01-terraform"
              }
            ],
            "location": "westeurope",
            "mac_address": "",
            "name": "nic-01-terraform",
            "private_ip_address": "10.0.1.4",
            "private_ip_addresses": [
              "10.0.1.4"
            ],
            "resource_group_name": "rg-terraform",
            "tags": {
              "Environment": "Terraform Demo",
              "To_Delete": "Yes"
            },
            "timeouts": null,
            "virtual_machine_id": ""
          },
          "sensitive_attributes": [],
          "private": "eyJlMmJmYjczMC1lY2FhLTExZTYtOGY4OC0zNDM2M2JjN2M0YzAiOnsiY3JlYXRlIjoxODAwMDAwMDAwMDAwLCJkZWxldGUiOjE4MDAwMDAwMDAwMDAsInJlYWQiOjMwMDAwMDAwMDAwMCwidXBkYXRlIjoxODAwMDAwMDAwMDAwfX0=",
          "dependencies": [
            "azurerm_public_ip.pip-01-terraform",
            "azurerm_resource_group.rg-terraform",
            "azurerm_subnet.subnet-01-terraform",
            "azurerm_virtual_network.vnet-terraform"
          ]
        }
      ]
    },
    {
      "mode": "managed",
      "type": "azurerm_network_interface_security_group_association",
      "name": "example",
      "provider": "provider[\"registry.terraform.io/hashicorp/azurerm\"]",
      "instances": [
        {
          "schema_version": 0,
          "attributes": {
            "id": "/subscriptions/08349e70-0006-411b-b4cb-3f127779a240/resourceGroups/rg-terraform/providers/Microsoft.Network/networkInterfaces/nic-01-terraform|/subscriptions/08349e70-0006-411b-b4cb-3f127779a240/resourceGroups/rg-terraform/providers/Microsoft.Network/networkSecurityGroups/nsg-01-terraform",
            "network_interface_id": "/subscriptions/08349e70-0006-411b-b4cb-3f127779a240/resourceGroups/rg-terraform/providers/Microsoft.Network/networkInterfaces/nic-01-terraform",
            "network_security_group_id": "/subscriptions/08349e70-0006-411b-b4cb-3f127779a240/resourceGroups/rg-terraform/providers/Microsoft.Network/networkSecurityGroups/nsg-01-terraform",
            "timeouts": null
          },
          "sensitive_attributes": [],
          "private": "eyJlMmJmYjczMC1lY2FhLTExZTYtOGY4OC0zNDM2M2JjN2M0YzAiOnsiY3JlYXRlIjoxODAwMDAwMDAwMDAwLCJkZWxldGUiOjE4MDAwMDAwMDAwMDAsInJlYWQiOjMwMDAwMDAwMDAwMCwidXBkYXRlIjoxODAwMDAwMDAwMDAwfX0=",
          "dependencies": [
            "azurerm_network_interface.nic-01-terraform",
            "azurerm_network_security_group.nsg-01-terraform",
            "azurerm_public_ip.pip-01-terraform",
            "azurerm_resource_group.rg-terraform",
            "azurerm_subnet.subnet-01-terraform",
            "azurerm_virtual_network.vnet-terraform"
          ]
        }
      ]
    },
    {
      "mode": "managed",
      "type": "azurerm_network_security_group",
      "name": "nsg-01-terraform",
      "provider": "provider[\"registry.terraform.io/hashicorp/azurerm\"]",
      "instances": [
        {
          "schema_version": 0,
          "attributes": {
            "id": "/subscriptions/08349e70-0006-411b-b4cb-3f127779a240/resourceGroups/rg-terraform/providers/Microsoft.Network/networkSecurityGroups/nsg-01-terraform",
            "location": "westeurope",
            "name": "nsg-01-terraform",
            "resource_group_name": "rg-terraform",
            "security_rule": [
              {
                "access": "Allow",
                "description": "",
                "destination_address_prefix": "*",
                "destination_address_prefixes": [],
                "destination_application_security_group_ids": [],
                "destination_port_range": "22",
                "destination_port_ranges": [],
                "direction": "Inbound",
                "name": "SSH",
                "priority": 1001,
                "protocol": "Tcp",
                "source_address_prefix": "*",
                "source_address_prefixes": [],
                "source_application_security_group_ids": [],
                "source_port_range": "*",
                "source_port_ranges": []
              }
            ],
            "tags": {
              "Environment": "Terraform Demo",
              "To_Delete": "Yes"
            },
            "timeouts": null
          },
          "sensitive_attributes": [],
          "private": "eyJlMmJmYjczMC1lY2FhLTExZTYtOGY4OC0zNDM2M2JjN2M0YzAiOnsiY3JlYXRlIjoxODAwMDAwMDAwMDAwLCJkZWxldGUiOjE4MDAwMDAwMDAwMDAsInJlYWQiOjMwMDAwMDAwMDAwMCwidXBkYXRlIjoxODAwMDAwMDAwMDAwfX0=",
          "dependencies": [
            "azurerm_resource_group.rg-terraform"
          ]
        }
      ]
    },
    {
      "mode": "managed",
      "type": "azurerm_public_ip",
      "name": "pip-01-terraform",
      "provider": "provider[\"registry.terraform.io/hashicorp/azurerm\"]",
      "instances": [
        {
          "schema_version": 0,
          "attributes": {
            "allocation_method": "Dynamic",
            "domain_name_label": null,
            "fqdn": null,
            "id": "/subscriptions/08349e70-0006-411b-b4cb-3f127779a240/resourceGroups/rg-terraform/providers/Microsoft.Network/publicIPAddresses/pip-01-terraform",
            "idle_timeout_in_minutes": 4,
            "ip_address": "",
            "ip_version": "IPv4",
            "location": "westeurope",
            "name": "pip-01-terraform",
            "public_ip_prefix_id": null,
            "resource_group_name": "rg-terraform",
            "reverse_fqdn": null,
            "sku": "Basic",
            "tags": {
              "Environment": "Terraform Demo",
              "To_Delete": "Yes"
            },
            "timeouts": null,
            "zones": null
          },
          "sensitive_attributes": [],
          "private": "eyJlMmJmYjczMC1lY2FhLTExZTYtOGY4OC0zNDM2M2JjN2M0YzAiOnsiY3JlYXRlIjoxODAwMDAwMDAwMDAwLCJkZWxldGUiOjE4MDAwMDAwMDAwMDAsInJlYWQiOjMwMDAwMDAwMDAwMCwidXBkYXRlIjoxODAwMDAwMDAwMDAwfX0=",
          "dependencies": [
            "azurerm_resource_group.rg-terraform"
          ]
        }
      ]
    },
    {
      "mode": "managed",
      "type": "azurerm_resource_group",
      "name": "rg-terraform",
      "provider": "provider[\"registry.terraform.io/hashicorp/azurerm\"]",
      "instances": [
        {
          "schema_version": 0,
          "attributes": {
            "id": "/subscriptions/08349e70-0006-411b-b4cb-3f127779a240/resourceGroups/rg-terraform",
            "location": "westeurope",
            "name": "rg-terraform",
            "tags": {
              "Environment": "Terraform Demo",
              "To_Delete": "Yes"
            },
            "timeouts": null
          },
          "sensitive_attributes": [],
          "private": "eyJlMmJmYjczMC1lY2FhLTExZTYtOGY4OC0zNDM2M2JjN2M0YzAiOnsiY3JlYXRlIjo1NDAwMDAwMDAwMDAwLCJkZWxldGUiOjU0MDAwMDAwMDAwMDAsInJlYWQiOjMwMDAwMDAwMDAwMCwidXBkYXRlIjo1NDAwMDAwMDAwMDAwfX0="
        }
      ]
    },
    {
      "mode": "managed",
      "type": "azurerm_storage_account",
      "name": "storage-account-01-terraform",
      "provider": "provider[\"registry.terraform.io/hashicorp/azurerm\"]",
      "instances": [
        {
          "schema_version": 2,
          "attributes": {
            "access_tier": "Hot",
            "account_kind": "StorageV2",
            "account_replication_type": "LRS",
            "account_tier": "Standard",
            "allow_blob_public_access": false,
            "blob_properties": [],
            "custom_domain": [],
            "enable_https_traffic_only": true,
            "id": "/subscriptions/08349e70-0006-411b-b4cb-3f127779a240/resourceGroups/rg-terraform/providers/Microsoft.Storage/storageAccounts/diag025898cc31d47490",
            "identity": [],
            "is_hns_enabled": false,
            "large_file_share_enabled": null,
            "location": "westeurope",
            "min_tls_version": "TLS1_0",
            "name": "diag025898cc31d47490",
            "network_rules": [
              {
                "bypass": [
                  "AzureServices"
                ],
                "default_action": "Allow",
                "ip_rules": [],
                "virtual_network_subnet_ids": []
              }
            ],
            "primary_access_key": "sFRpbsALbo0y5la88E65ltnF3wyJGZrYlz5necn5Aq8itRkNS85gT6XGy6LGcfO4/pI2qkbtHIs3zYABrXB42Q==",
            "primary_blob_connection_string": "DefaultEndpointsProtocol=https;BlobEndpoint=https://diag025898cc31d47490.blob.core.windows.net/;AccountName=diag025898cc31d47490;AccountKey=sFRpbsALbo0y5la88E65ltnF3wyJGZrYlz5necn5Aq8itRkNS85gT6XGy6LGcfO4/pI2qkbtHIs3zYABrXB42Q==",
            "primary_blob_endpoint": "https://diag025898cc31d47490.blob.core.windows.net/",
            "primary_blob_host": "diag025898cc31d47490.blob.core.windows.net",
            "primary_connection_string": "DefaultEndpointsProtocol=https;AccountName=diag025898cc31d47490;AccountKey=sFRpbsALbo0y5la88E65ltnF3wyJGZrYlz5necn5Aq8itRkNS85gT6XGy6LGcfO4/pI2qkbtHIs3zYABrXB42Q==;EndpointSuffix=core.windows.net",
            "primary_dfs_endpoint": "https://diag025898cc31d47490.dfs.core.windows.net/",
            "primary_dfs_host": "diag025898cc31d47490.dfs.core.windows.net",
            "primary_file_endpoint": "https://diag025898cc31d47490.file.core.windows.net/",
            "primary_file_host": "diag025898cc31d47490.file.core.windows.net",
            "primary_location": "westeurope",
            "primary_queue_endpoint": "https://diag025898cc31d47490.queue.core.windows.net/",
            "primary_queue_host": "diag025898cc31d47490.queue.core.windows.net",
            "primary_table_endpoint": "https://diag025898cc31d47490.table.core.windows.net/",
            "primary_table_host": "diag025898cc31d47490.table.core.windows.net",
            "primary_web_endpoint": "https://diag025898cc31d47490.z6.web.core.windows.net/",
            "primary_web_host": "diag025898cc31d47490.z6.web.core.windows.net",
            "queue_properties": [
              {
                "cors_rule": [],
                "hour_metrics": [
                  {
                    "enabled": true,
                    "include_apis": true,
                    "retention_policy_days": 7,
                    "version": "1.0"
                  }
                ],
                "logging": [
                  {
                    "delete": false,
                    "read": false,
                    "retention_policy_days": 0,
                    "version": "1.0",
                    "write": false
                  }
                ],
                "minute_metrics": [
                  {
                    "enabled": false,
                    "include_apis": false,
                    "retention_policy_days": 0,
                    "version": "1.0"
                  }
                ]
              }
            ],
            "resource_group_name": "rg-terraform",
            "secondary_access_key": "kz9nnhKjvLelqVugVyfxOu3gwl9hForF3Zy6SiCz9+vr+2l9yqJbhRD/6bRyuyp0fhMvZ1EtXxe4y4qfltOdCQ==",
            "secondary_blob_connection_string": "",
            "secondary_blob_endpoint": null,
            "secondary_blob_host": null,
            "secondary_connection_string": "DefaultEndpointsProtocol=https;AccountName=diag025898cc31d47490;AccountKey=kz9nnhKjvLelqVugVyfxOu3gwl9hForF3Zy6SiCz9+vr+2l9yqJbhRD/6bRyuyp0fhMvZ1EtXxe4y4qfltOdCQ==;EndpointSuffix=core.windows.net",
            "secondary_dfs_endpoint": null,
            "secondary_dfs_host": null,
            "secondary_file_endpoint": null,
            "secondary_file_host": null,
            "secondary_location": "",
            "secondary_queue_endpoint": null,
            "secondary_queue_host": null,
            "secondary_table_endpoint": null,
            "secondary_table_host": null,
            "secondary_web_endpoint": null,
            "secondary_web_host": null,
            "static_website": [],
            "tags": {
              "environment": "Terraform Demo"
            },
            "timeouts": null
          },
          "sensitive_attributes": [],
          "private": "eyJlMmJmYjczMC1lY2FhLTExZTYtOGY4OC0zNDM2M2JjN2M0YzAiOnsiY3JlYXRlIjozNjAwMDAwMDAwMDAwLCJkZWxldGUiOjM2MDAwMDAwMDAwMDAsInJlYWQiOjMwMDAwMDAwMDAwMCwidXBkYXRlIjozNjAwMDAwMDAwMDAwfSwic2NoZW1hX3ZlcnNpb24iOiIyIn0=",
          "dependencies": [
            "azurerm_resource_group.rg-terraform",
            "random_id.randomId"
          ]
        }
      ]
    },
    {
      "mode": "managed",
      "type": "azurerm_subnet",
      "name": "subnet-01-terraform",
      "provider": "provider[\"registry.terraform.io/hashicorp/azurerm\"]",
      "instances": [
        {
          "schema_version": 0,
          "attributes": {
            "address_prefix": "10.0.1.0/24",
            "address_prefixes": [
              "10.0.1.0/24"
            ],
            "delegation": [],
            "enforce_private_link_endpoint_network_policies": false,
            "enforce_private_link_service_network_policies": false,
            "id": "/subscriptions/08349e70-0006-411b-b4cb-3f127779a240/resourceGroups/rg-terraform/providers/Microsoft.Network/virtualNetworks/vnet-01-terraform/subnets/subnet-01-terraform",
            "name": "subnet-01-terraform",
            "resource_group_name": "rg-terraform",
            "service_endpoint_policy_ids": null,
            "service_endpoints": null,
            "timeouts": null,
            "virtual_network_name": "vnet-01-terraform"
          },
          "sensitive_attributes": [],
          "private": "eyJlMmJmYjczMC1lY2FhLTExZTYtOGY4OC0zNDM2M2JjN2M0YzAiOnsiY3JlYXRlIjoxODAwMDAwMDAwMDAwLCJkZWxldGUiOjE4MDAwMDAwMDAwMDAsInJlYWQiOjMwMDAwMDAwMDAwMCwidXBkYXRlIjoxODAwMDAwMDAwMDAwfX0=",
          "dependencies": [
            "azurerm_resource_group.rg-terraform",
            "azurerm_virtual_network.vnet-terraform"
          ]
        }
      ]
    },
    {
      "mode": "managed",
      "type": "azurerm_virtual_network",
      "name": "vnet-terraform",
      "provider": "provider[\"registry.terraform.io/hashicorp/azurerm\"]",
      "instances": [
        {
          "schema_version": 0,
          "attributes": {
            "address_space": [
              "10.0.0.0/16"
            ],
            "bgp_community": "",
            "ddos_protection_plan": [],
            "dns_servers": null,
            "guid": "de5402dc-d8a8-4ac9-8f9d-53d2897628d6",
            "id": "/subscriptions/08349e70-0006-411b-b4cb-3f127779a240/resourceGroups/rg-terraform/providers/Microsoft.Network/virtualNetworks/vnet-01-terraform",
            "location": "westeurope",
            "name": "vnet-01-terraform",
            "resource_group_name": "rg-terraform",
            "subnet": [],
            "tags": {
              "Environment": "Terraform Demo",
              "To_Delete": "Yes"
            },
            "timeouts": null,
            "vm_protection_enabled": false
          },
          "sensitive_attributes": [],
          "private": "eyJlMmJmYjczMC1lY2FhLTExZTYtOGY4OC0zNDM2M2JjN2M0YzAiOnsiY3JlYXRlIjoxODAwMDAwMDAwMDAwLCJkZWxldGUiOjE4MDAwMDAwMDAwMDAsInJlYWQiOjMwMDAwMDAwMDAwMCwidXBkYXRlIjoxODAwMDAwMDAwMDAwfX0=",
          "dependencies": [
            "azurerm_resource_group.rg-terraform"
          ]
        }
      ]
    },
    {
      "mode": "managed",
      "type": "random_id",
      "name": "randomId",
      "provider": "provider[\"registry.terraform.io/hashicorp/random\"]",
      "instances": [
        {
          "schema_version": 0,
          "attributes": {
            "b64_std": "AliYzDHUdJA=",
            "b64_url": "AliYzDHUdJA",
            "byte_length": 8,
            "dec": "169052988803150992",
            "hex": "025898cc31d47490",
            "id": "AliYzDHUdJA",
            "keepers": {
              "resource_group": "rg-terraform"
            },
            "prefix": null
          },
          "sensitive_attributes": [],
          "private": "bnVsbA==",
          "dependencies": [
            "azurerm_resource_group.rg-terraform"
          ]
        }
      ]
    },
    {
      "mode": "managed",
      "type": "tls_private_key",
      "name": "example_ssh",
      "provider": "provider[\"registry.terraform.io/hashicorp/tls\"]",
      "instances": [
        {
          "schema_version": 0,
          "attributes": {
            "algorithm": "RSA",
            "ecdsa_curve": "P224",
            "id": "c66f9abb4c11b65aebb85a8df0d803cb19550416",
            "private_key_pem": "-----BEGIN RSA PRIVATE KEY-----\nMIIJJwIBAAKCAgEAvlw/xUkd3fB+fS5DP9UEtvSlodlRGHq+RqD9hHwnwSTp+gF4\nN1w/UU4gg5whxcl3zEUh1vT5EQycPGfO90R0m2cC8EXMNcX4j9VG4TcrV74c3Mbr\nDxZ2FyWFQHmRgVz+erVrPVPi2m4az4RPLSwvoB3GtQfQ6jShiybRCmqcpcFYX5rE\nIpsg/4BElAilh5/To9iNSWopV8qgEXMu2I1QYdlcSG5QMJAsZ9Kfu6hu2nbThnm+\nYcLrQXmXK9s0vPVEX0T/ldShxGdNjNt48o6lEHGJvpnOn5MmpbQzeVAMFTvuJm40\n0gpR8EcEu1IJYqjxi1UMTT3UJBJbzSNglcbkVD5mM5Y2rt3roTI9sdJqKgYtd5K3\nl3PhSQA7jeB3Zp2dOP/DXanZBkVfHc0qSno3Dkblnnp4ifF8l1mE5iOZPp7MO0lh\n7MO7kYduuRWqhRoG8ZCcXWurukM8v22fY8lw4gEnYQb6c+mrbXqNiN+IbzbH1T7Q\nY9m0FO289WkqNaTVivGMYBMMJA7TDMTkbE2SLIfEFIvIj6o+T3uZHJUkD6quBvf9\nbdokx9TGun8iRRnaegbCq8LtNdS/B1SMlB5VVS2YSIBoB247W2gDrd4uIhEYilHF\n8lnZXSzdpsAydZSxJ2U8ktqJcaKbJzQr427JLt6C/LAtQS6ZnlKQhMR49CUCAwEA\nAQKCAgAehNWogIdsTKFK2n7nnfRKjMB9SUUKIquc0TSz59/LxGpKra+jWIPCOj9W\nOlLjzeAJ/M9nEhFYXWgy+wWgePYk8Af1k4sg1+N4092wP9MQFyezcaS/338BSP+r\nDZJ5Zfpam/lcdLV7BYoA2RqEiH/+MKfp4B3rXpLDp25+OAdzP6M2eK6XSb2pmNvl\ny9kV/FbG/vHv4jhMney5v3i0OTu45Es6RY1Pq92iq472XBOhrMlO1vfh3okvDxpg\nap1y6fOTPpGnaNaikVlKiulCIgJut3U4/Jm21bWtfU1/VokJYnlU6fhH8GWgmxI0\nIfvlOGa5SuJVA+OeAN987P4QJTn3zLZwIfXxgKi7qQEKWhDUWysZ0Y6zq1gdBD49\nKyQb0vRsFRpgFg02YvEiYWpuqVcp0xPF4eIyss04Etk0dueeRTYo+4cvO6zn47dM\nxzC9gpnjKT/j4ExC7y6WRfcb57lJ9y0ZJLEeWxBJtzBWZbeTgUJJevl/lAQqWcHC\nsUKeRr/R4rtU/cWWrzph9eEXu0Yt+wAxnFbpRhibPMrbRWnAA4hBfLBElvTBRfCi\nRk7/Bio8SJrYxTzicM3KYF2Kp1RD4oGDugoHupgROJakYDtM/xZkmwZJNQlI8/WC\nAN/tj03PQ8GdzeH68/Li5trEnKYniPf4u2WsYqWX6c4z1LifBQKCAQEA64axg8lC\nXw18rgYL93/l22gqOfK4yfJXc9dqA+9AO2i6hyUQr2Rw2W9OTCdB5iCjoNYGZGkY\nH96pdXw1ZrkQim1L6pDngmBGWIHvZ/vSydFhyD0J91qnhOx3+cDl76OWtCWxQTc4\ngt4NsYssm44HogAJ4MssCdYr2bms2Ek2Jv2J6T56G9jzJad5D1G44/vrFOQGC+Y+\nmSiUMlJOinF8Cg1CU0KcTYBimUbaOMt6o4/gtlvvfsHr2QXBk8BlLCh9dR3mYlCf\nUo14K6Ef7gfaM+dq+sVt3FNhy6kF3ZPX2vAIB4UqN8kdNAiS/W1YxG0G1kB/ZgHM\n/Wr7j+ZFMariDwKCAQEAzuh0JmeW4CA8f2zBF6CmdFEO9QHZYCNRolZpqDbMCahf\nJlPcpYmAlga62ohIP72/2KCjYBpMDbPJlfAyO8oZ7yGOPGKUxFBEXtJEV8KDKMcG\nVooIxZ5NvnJzowFozcLTK+S1jVPcG1Q8+xPQzPUJ+dmvODsyXblzsN6/89c9MsxR\nX7H4jamLL8DOZcDCdf2hALKstgJ8zRw6lQYwJuMTj0YVDGIZkOXI5Do2TtXxMrKH\nHhXDKNDhIAu+HGkwaTkeBLSb+GF7JWfeM2XR96ln8WF4MBHiSV7zL+3NGQ1Rmscg\nct4vBoFy0QKJ1z4g1uFH2X3TJFiIrM8pRKwb4YpqiwKCAQBNq0Fm4DvO9Lek+8F+\ngOLgE9249l4R2qUUQnlnisJ31PWOE58I9+pvCdGcM2X76c+L/ohlHHMkL11arPc/\nRNA7lgdu9xIhYHZSQacdd2Hvw+inC9n5hB+yKfj2l7I78IqGJdfqVbeBEJEbd3Xi\nZlgGCFU5mEaRh9s2FZD2Uk5VVU7haAUEoeqtBClb7+s046KGZRvJWMhT4Zndbl8Q\nMJRjDDRPGKxKsofRXBgimpd60Lud53t3JaQNEWTgwJWclk2pDY8n5MZlhtmWKbBJ\n4rUGYM5anDi6a5TYgIi6pUKNpJJBSJy/gMbsndc7U4/uVrXmeaaJkRZ0i48hySIQ\nWvXpAoIBAD63VSWi9qee/dd+BpV725icTVVUpygt7Huxh7s2SOiQga7jcpk2saRI\nC/Fbp9KyWGl4X60sq2rn2S26re9TlkLWv/9rvj43OlInmBGl4w3ELhajJn+IOXaF\nyKlbLwJXkJzYaXOaPLiH8ygD3KGTkN+L7UG1J9Ii+X9eNX7a+jDgn7XLA1UlVAw4\nfBd5szgClf/ZKOLOpDej29n6EzRmVjJygsTLI4a5MAiF4JpK3R6J4MzsucgwcFy/\nUnPYKpVqe7/fYvuJyMMQ1dhsf5V7YwdWjRC9CwNEZaBci3ORhu/Mdfh7gnONX1kd\nVNzKdzfK93VkX1DACUWgUZkANj9KLnsCggEASniMLxul3p5YPnqhbLZd5TCOnkWZ\nLpb6/FqIXhTK1kwXbvVXviovtaaMfimycQYifFBduKgNqA7xz64bwu/BLQJTOthV\nALEEQp1+wIg5/vLeCosA6xSZdyru/Q5FjiL6VZmnrbh4J7iGpM1WyqPrb6m0pt4J\n9k19dNSN+fw4kl133HrH3lOG/sXqVvBOFEKgL8rSTX1O+AcmkMid3wtIAjIL/Du1\ndVBZ/FlAvzSAKgGFvcA9Bhw54DpL2wIjQnNDaeh/5FvcJLq7qMj9dub3CwW4NvYj\n4i0oznW/ZSU34gjmo3N/rCuN7AXdnJaRNswx3OVv8pYw8/k2MZPl8kBqwg==\n-----END RSA PRIVATE KEY-----\n",
            "public_key_fingerprint_md5": "b5:13:64:3c:df:97:02:8c:51:52:e9:54:4d:5a:4c:af",
            "public_key_openssh": "ssh-rsa AAAAB3NzaC1yc2EAAAADAQABAAACAQC+XD/FSR3d8H59LkM/1QS29KWh2VEYer5GoP2EfCfBJOn6AXg3XD9RTiCDnCHFyXfMRSHW9PkRDJw8Z873RHSbZwLwRcw1xfiP1UbhNytXvhzcxusPFnYXJYVAeZGBXP56tWs9U+LabhrPhE8tLC+gHca1B9DqNKGLJtEKapylwVhfmsQimyD/gESUCKWHn9Oj2I1JailXyqARcy7YjVBh2VxIblAwkCxn0p+7qG7adtOGeb5hwutBeZcr2zS89URfRP+V1KHEZ02M23jyjqUQcYm+mc6fkyaltDN5UAwVO+4mbjTSClHwRwS7UgliqPGLVQxNPdQkElvNI2CVxuRUPmYzljau3euhMj2x0moqBi13kreXc+FJADuN4HdmnZ04/8NdqdkGRV8dzSpKejcORuWeeniJ8XyXWYTmI5k+nsw7SWHsw7uRh265FaqFGgbxkJxda6u6Qzy/bZ9jyXDiASdhBvpz6atteo2I34hvNsfVPtBj2bQU7bz1aSo1pNWK8YxgEwwkDtMMxORsTZIsh8QUi8iPqj5Pe5kclSQPqq4G9/1t2iTH1Ma6fyJFGdp6BsKrwu011L8HVIyUHlVVLZhIgGgHbjtbaAOt3i4iERiKUcXyWdldLN2mwDJ1lLEnZTyS2olxopsnNCvjbsku3oL8sC1BLpmeUpCExHj0JQ==\n",
            "public_key_pem": "-----BEGIN PUBLIC KEY-----\nMIICIjANBgkqhkiG9w0BAQEFAAOCAg8AMIICCgKCAgEAvlw/xUkd3fB+fS5DP9UE\ntvSlodlRGHq+RqD9hHwnwSTp+gF4N1w/UU4gg5whxcl3zEUh1vT5EQycPGfO90R0\nm2cC8EXMNcX4j9VG4TcrV74c3MbrDxZ2FyWFQHmRgVz+erVrPVPi2m4az4RPLSwv\noB3GtQfQ6jShiybRCmqcpcFYX5rEIpsg/4BElAilh5/To9iNSWopV8qgEXMu2I1Q\nYdlcSG5QMJAsZ9Kfu6hu2nbThnm+YcLrQXmXK9s0vPVEX0T/ldShxGdNjNt48o6l\nEHGJvpnOn5MmpbQzeVAMFTvuJm400gpR8EcEu1IJYqjxi1UMTT3UJBJbzSNglcbk\nVD5mM5Y2rt3roTI9sdJqKgYtd5K3l3PhSQA7jeB3Zp2dOP/DXanZBkVfHc0qSno3\nDkblnnp4ifF8l1mE5iOZPp7MO0lh7MO7kYduuRWqhRoG8ZCcXWurukM8v22fY8lw\n4gEnYQb6c+mrbXqNiN+IbzbH1T7QY9m0FO289WkqNaTVivGMYBMMJA7TDMTkbE2S\nLIfEFIvIj6o+T3uZHJUkD6quBvf9bdokx9TGun8iRRnaegbCq8LtNdS/B1SMlB5V\nVS2YSIBoB247W2gDrd4uIhEYilHF8lnZXSzdpsAydZSxJ2U8ktqJcaKbJzQr427J\nLt6C/LAtQS6ZnlKQhMR49CUCAwEAAQ==\n-----END PUBLIC KEY-----\n",
            "rsa_bits": 4096
          },
          "sensitive_attributes": [],
          "private": "bnVsbA=="
        }
      ]
    }
  ]
}
